// !$*UTF8*$!
{
	archiveVersion = 1;
	classes = {
	};
	objectVersion = 46;
	objects = {

/* Begin PBXBuildFile section */
		61F022FB1D1E205600BE62EF /* AppDelegate.swift in Sources */ = {isa = PBXBuildFile; fileRef = 61F022FA1D1E205600BE62EF /* AppDelegate.swift */; };
		61F022FD1D1E205600BE62EF /* ViewController.swift in Sources */ = {isa = PBXBuildFile; fileRef = 61F022FC1D1E205600BE62EF /* ViewController.swift */; };
		61F023001D1E205600BE62EF /* Main.storyboard in Resources */ = {isa = PBXBuildFile; fileRef = 61F022FE1D1E205600BE62EF /* Main.storyboard */; };
		61F023021D1E205600BE62EF /* Assets.xcassets in Resources */ = {isa = PBXBuildFile; fileRef = 61F023011D1E205600BE62EF /* Assets.xcassets */; };
		61F023051D1E205600BE62EF /* LaunchScreen.storyboard in Resources */ = {isa = PBXBuildFile; fileRef = 61F023031D1E205600BE62EF /* LaunchScreen.storyboard */; };
		61F023101D1E205700BE62EF /* wordList0625Tests.swift in Sources */ = {isa = PBXBuildFile; fileRef = 61F0230F1D1E205700BE62EF /* wordList0625Tests.swift */; };
		61F0231B1D1E205700BE62EF /* wordList0625UITests.swift in Sources */ = {isa = PBXBuildFile; fileRef = 61F0231A1D1E205700BE62EF /* wordList0625UITests.swift */; };
		61F023301D1E20F400BE62EF /* Default-568h@2x.png in Resources */ = {isa = PBXBuildFile; fileRef = 61F0232A1D1E20F400BE62EF /* Default-568h@2x.png */; };
		61F023311D1E20F400BE62EF /* Default-667h@2x.png in Resources */ = {isa = PBXBuildFile; fileRef = 61F0232B1D1E20F400BE62EF /* Default-667h@2x.png */; };
		61F023321D1E20F400BE62EF /* Default-736h@3x.png in Resources */ = {isa = PBXBuildFile; fileRef = 61F0232C1D1E20F400BE62EF /* Default-736h@3x.png */; };
		61F023331D1E20F400BE62EF /* fin.png in Resources */ = {isa = PBXBuildFile; fileRef = 61F0232D1D1E20F400BE62EF /* fin.png */; };
		61F023341D1E20F400BE62EF /* title_logo.png in Resources */ = {isa = PBXBuildFile; fileRef = 61F0232E1D1E20F400BE62EF /* title_logo.png */; };
		61F023351D1E20F400BE62EF /* word_blank.png in Resources */ = {isa = PBXBuildFile; fileRef = 61F0232F1D1E20F400BE62EF /* word_blank.png */; };
		61F0237E1D1FC14A00BE62EF /* QuestionViewController.swift in Sources */ = {isa = PBXBuildFile; fileRef = 61F0237D1D1FC14A00BE62EF /* QuestionViewController.swift */; };
		61F023801D1FC19700BE62EF /* FinishViewController.swift in Sources */ = {isa = PBXBuildFile; fileRef = 61F0237F1D1FC19700BE62EF /* FinishViewController.swift */; };
		61F023821D1FC1BB00BE62EF /* ListTableViewController.swift in Sources */ = {isa = PBXBuildFile; fileRef = 61F023811D1FC1BB00BE62EF /* ListTableViewController.swift */; };
		61F023841D1FC1E000BE62EF /* AddViewController.swift in Sources */ = {isa = PBXBuildFile; fileRef = 61F023831D1FC1DF00BE62EF /* AddViewController.swift */; };
		61F023871D1FD56B00BE62EF /* ListTableViewCell.swift in Sources */ = {isa = PBXBuildFile; fileRef = 61F023851D1FD56B00BE62EF /* ListTableViewCell.swift */; };
		61F023881D1FD56B00BE62EF /* ListTableViewCell.xib in Resources */ = {isa = PBXBuildFile; fileRef = 61F023861D1FD56B00BE62EF /* ListTableViewCell.xib */; };
/* End PBXBuildFile section */

/* Begin PBXContainerItemProxy section */
		61F0230C1D1E205700BE62EF /* PBXContainerItemProxy */ = {
			isa = PBXContainerItemProxy;
			containerPortal = 61F022EF1D1E205600BE62EF /* Project object */;
			proxyType = 1;
			remoteGlobalIDString = 61F022F61D1E205600BE62EF;
			remoteInfo = wordList0625;
		};
		61F023171D1E205700BE62EF /* PBXContainerItemProxy */ = {
			isa = PBXContainerItemProxy;
			containerPortal = 61F022EF1D1E205600BE62EF /* Project object */;
			proxyType = 1;
			remoteGlobalIDString = 61F022F61D1E205600BE62EF;
			remoteInfo = wordList0625;
		};
/* End PBXContainerItemProxy section */

/* Begin PBXFileReference section */
		61F022F71D1E205600BE62EF /* wordList0625.app */ = {isa = PBXFileReference; explicitFileType = wrapper.application; includeInIndex = 0; path = wordList0625.app; sourceTree = BUILT_PRODUCTS_DIR; };
		61F022FA1D1E205600BE62EF /* AppDelegate.swift */ = {isa = PBXFileReference; lastKnownFileType = sourcecode.swift; path = AppDelegate.swift; sourceTree = "<group>"; };
		61F022FC1D1E205600BE62EF /* ViewController.swift */ = {isa = PBXFileReference; lastKnownFileType = sourcecode.swift; path = ViewController.swift; sourceTree = "<group>"; };
		61F022FF1D1E205600BE62EF /* Base */ = {isa = PBXFileReference; lastKnownFileType = file.storyboard; name = Base; path = Base.lproj/Main.storyboard; sourceTree = "<group>"; };
		61F023011D1E205600BE62EF /* Assets.xcassets */ = {isa = PBXFileReference; lastKnownFileType = folder.assetcatalog; path = Assets.xcassets; sourceTree = "<group>"; };
		61F023041D1E205600BE62EF /* Base */ = {isa = PBXFileReference; lastKnownFileType = file.storyboard; name = Base; path = Base.lproj/LaunchScreen.storyboard; sourceTree = "<group>"; };
		61F023061D1E205600BE62EF /* Info.plist */ = {isa = PBXFileReference; lastKnownFileType = text.plist.xml; path = Info.plist; sourceTree = "<group>"; };
		61F0230B1D1E205700BE62EF /* wordList0625Tests.xctest */ = {isa = PBXFileReference; explicitFileType = wrapper.cfbundle; includeInIndex = 0; path = wordList0625Tests.xctest; sourceTree = BUILT_PRODUCTS_DIR; };
		61F0230F1D1E205700BE62EF /* wordList0625Tests.swift */ = {isa = PBXFileReference; lastKnownFileType = sourcecode.swift; path = wordList0625Tests.swift; sourceTree = "<group>"; };
		61F023111D1E205700BE62EF /* Info.plist */ = {isa = PBXFileReference; lastKnownFileType = text.plist.xml; path = Info.plist; sourceTree = "<group>"; };
		61F023161D1E205700BE62EF /* wordList0625UITests.xctest */ = {isa = PBXFileReference; explicitFileType = wrapper.cfbundle; includeInIndex = 0; path = wordList0625UITests.xctest; sourceTree = BUILT_PRODUCTS_DIR; };
		61F0231A1D1E205700BE62EF /* wordList0625UITests.swift */ = {isa = PBXFileReference; lastKnownFileType = sourcecode.swift; path = wordList0625UITests.swift; sourceTree = "<group>"; };
		61F0231C1D1E205700BE62EF /* Info.plist */ = {isa = PBXFileReference; lastKnownFileType = text.plist.xml; path = Info.plist; sourceTree = "<group>"; };
		61F0232A1D1E20F400BE62EF /* Default-568h@2x.png */ = {isa = PBXFileReference; lastKnownFileType = image.png; path = "Default-568h@2x.png"; sourceTree = "<group>"; };
		61F0232B1D1E20F400BE62EF /* Default-667h@2x.png */ = {isa = PBXFileReference; lastKnownFileType = image.png; path = "Default-667h@2x.png"; sourceTree = "<group>"; };
		61F0232C1D1E20F400BE62EF /* Default-736h@3x.png */ = {isa = PBXFileReference; lastKnownFileType = image.png; path = "Default-736h@3x.png"; sourceTree = "<group>"; };
		61F0232D1D1E20F400BE62EF /* fin.png */ = {isa = PBXFileReference; lastKnownFileType = image.png; path = fin.png; sourceTree = "<group>"; };
		61F0232E1D1E20F400BE62EF /* title_logo.png */ = {isa = PBXFileReference; lastKnownFileType = image.png; path = title_logo.png; sourceTree = "<group>"; };
		61F0232F1D1E20F400BE62EF /* word_blank.png */ = {isa = PBXFileReference; lastKnownFileType = image.png; path = word_blank.png; sourceTree = "<group>"; };
		61F0237D1D1FC14A00BE62EF /* QuestionViewController.swift */ = {isa = PBXFileReference; fileEncoding = 4; lastKnownFileType = sourcecode.swift; path = QuestionViewController.swift; sourceTree = "<group>"; };
		61F0237F1D1FC19700BE62EF /* FinishViewController.swift */ = {isa = PBXFileReference; fileEncoding = 4; lastKnownFileType = sourcecode.swift; path = FinishViewController.swift; sourceTree = "<group>"; };
		61F023811D1FC1BB00BE62EF /* ListTableViewController.swift */ = {isa = PBXFileReference; fileEncoding = 4; lastKnownFileType = sourcecode.swift; path = ListTableViewController.swift; sourceTree = "<group>"; };
		61F023831D1FC1DF00BE62EF /* AddViewController.swift */ = {isa = PBXFileReference; fileEncoding = 4; lastKnownFileType = sourcecode.swift; path = AddViewController.swift; sourceTree = "<group>"; };
		61F023851D1FD56B00BE62EF /* ListTableViewCell.swift */ = {isa = PBXFileReference; fileEncoding = 4; lastKnownFileType = sourcecode.swift; path = ListTableViewCell.swift; sourceTree = "<group>"; };
		61F023861D1FD56B00BE62EF /* ListTableViewCell.xib */ = {isa = PBXFileReference; fileEncoding = 4; lastKnownFileType = file.xib; path = ListTableViewCell.xib; sourceTree = "<group>"; };
/* End PBXFileReference section */

/* Begin PBXFrameworksBuildPhase section */
		61F022F41D1E205600BE62EF /* Frameworks */ = {
			isa = PBXFrameworksBuildPhase;
			buildActionMask = 2147483647;
			files = (
			);
			runOnlyForDeploymentPostprocessing = 0;
		};
		61F023081D1E205700BE62EF /* Frameworks */ = {
			isa = PBXFrameworksBuildPhase;
			buildActionMask = 2147483647;
			files = (
			);
			runOnlyForDeploymentPostprocessing = 0;
		};
		61F023131D1E205700BE62EF /* Frameworks */ = {
			isa = PBXFrameworksBuildPhase;
			buildActionMask = 2147483647;
			files = (
			);
			runOnlyForDeploymentPostprocessing = 0;
		};
/* End PBXFrameworksBuildPhase section */

/* Begin PBXGroup section */
		61F022EE1D1E205600BE62EF = {
			isa = PBXGroup;
			children = (
				61F022F91D1E205600BE62EF /* wordList0625 */,
				61F0230E1D1E205700BE62EF /* wordList0625Tests */,
				61F023191D1E205700BE62EF /* wordList0625UITests */,
				61F022F81D1E205600BE62EF /* Products */,
			);
			sourceTree = "<group>";
		};
		61F022F81D1E205600BE62EF /* Products */ = {
			isa = PBXGroup;
			children = (
				61F022F71D1E205600BE62EF /* wordList0625.app */,
				61F0230B1D1E205700BE62EF /* wordList0625Tests.xctest */,
				61F023161D1E205700BE62EF /* wordList0625UITests.xctest */,
			);
			name = Products;
			sourceTree = "<group>";
		};
		61F022F91D1E205600BE62EF /* wordList0625 */ = {
			isa = PBXGroup;
			children = (
				61F023281D1E20F400BE62EF /* WordList素材 */,
				61F022FA1D1E205600BE62EF /* AppDelegate.swift */,
				61F022FC1D1E205600BE62EF /* ViewController.swift */,
				61F0237D1D1FC14A00BE62EF /* QuestionViewController.swift */,
				61F0237F1D1FC19700BE62EF /* FinishViewController.swift */,
				61F023811D1FC1BB00BE62EF /* ListTableViewController.swift */,
				61F023831D1FC1DF00BE62EF /* AddViewController.swift */,
				61F023851D1FD56B00BE62EF /* ListTableViewCell.swift */,
				61F023861D1FD56B00BE62EF /* ListTableViewCell.xib */,
				61F022FE1D1E205600BE62EF /* Main.storyboard */,
				61F023011D1E205600BE62EF /* Assets.xcassets */,
				61F023031D1E205600BE62EF /* LaunchScreen.storyboard */,
				61F023061D1E205600BE62EF /* Info.plist */,
			);
			path = wordList0625;
			sourceTree = "<group>";
		};
		61F0230E1D1E205700BE62EF /* wordList0625Tests */ = {
			isa = PBXGroup;
			children = (
				61F0230F1D1E205700BE62EF /* wordList0625Tests.swift */,
				61F023111D1E205700BE62EF /* Info.plist */,
			);
			path = wordList0625Tests;
			sourceTree = "<group>";
		};
		61F023191D1E205700BE62EF /* wordList0625UITests */ = {
			isa = PBXGroup;
			children = (
				61F0231A1D1E205700BE62EF /* wordList0625UITests.swift */,
				61F0231C1D1E205700BE62EF /* Info.plist */,
			);
			path = wordList0625UITests;
			sourceTree = "<group>";
		};
		61F023281D1E20F400BE62EF /* WordList素材 */ = {
			isa = PBXGroup;
			children = (
				61F023291D1E20F400BE62EF /* Defaults */,
				61F0232D1D1E20F400BE62EF /* fin.png */,
				61F0232E1D1E20F400BE62EF /* title_logo.png */,
				61F0232F1D1E20F400BE62EF /* word_blank.png */,
			);
			path = "WordList素材";
			sourceTree = "<group>";
		};
		61F023291D1E20F400BE62EF /* Defaults */ = {
			isa = PBXGroup;
			children = (
				61F0232A1D1E20F400BE62EF /* Default-568h@2x.png */,
				61F0232B1D1E20F400BE62EF /* Default-667h@2x.png */,
				61F0232C1D1E20F400BE62EF /* Default-736h@3x.png */,
			);
			path = Defaults;
			sourceTree = "<group>";
		};
/* End PBXGroup section */

/* Begin PBXNativeTarget section */
		61F022F61D1E205600BE62EF /* wordList0625 */ = {
			isa = PBXNativeTarget;
			buildConfigurationList = 61F0231F1D1E205700BE62EF /* Build configuration list for PBXNativeTarget "wordList0625" */;
			buildPhases = (
				61F022F31D1E205600BE62EF /* Sources */,
				61F022F41D1E205600BE62EF /* Frameworks */,
				61F022F51D1E205600BE62EF /* Resources */,
			);
			buildRules = (
			);
			dependencies = (
			);
			name = wordList0625;
			productName = wordList0625;
			productReference = 61F022F71D1E205600BE62EF /* wordList0625.app */;
			productType = "com.apple.product-type.application";
		};
		61F0230A1D1E205700BE62EF /* wordList0625Tests */ = {
			isa = PBXNativeTarget;
			buildConfigurationList = 61F023221D1E205700BE62EF /* Build configuration list for PBXNativeTarget "wordList0625Tests" */;
			buildPhases = (
				61F023071D1E205700BE62EF /* Sources */,
				61F023081D1E205700BE62EF /* Frameworks */,
				61F023091D1E205700BE62EF /* Resources */,
			);
			buildRules = (
			);
			dependencies = (
				61F0230D1D1E205700BE62EF /* PBXTargetDependency */,
			);
			name = wordList0625Tests;
			productName = wordList0625Tests;
			productReference = 61F0230B1D1E205700BE62EF /* wordList0625Tests.xctest */;
			productType = "com.apple.product-type.bundle.unit-test";
		};
		61F023151D1E205700BE62EF /* wordList0625UITests */ = {
			isa = PBXNativeTarget;
			buildConfigurationList = 61F023251D1E205700BE62EF /* Build configuration list for PBXNativeTarget "wordList0625UITests" */;
			buildPhases = (
				61F023121D1E205700BE62EF /* Sources */,
				61F023131D1E205700BE62EF /* Frameworks */,
				61F023141D1E205700BE62EF /* Resources */,
			);
			buildRules = (
			);
			dependencies = (
				61F023181D1E205700BE62EF /* PBXTargetDependency */,
			);
			name = wordList0625UITests;
			productName = wordList0625UITests;
			productReference = 61F023161D1E205700BE62EF /* wordList0625UITests.xctest */;
			productType = "com.apple.product-type.bundle.ui-testing";
		};
/* End PBXNativeTarget section */

/* Begin PBXProject section */
		61F022EF1D1E205600BE62EF /* Project object */ = {
			isa = PBXProject;
			attributes = {
				LastSwiftUpdateCheck = 0730;
				LastUpgradeCheck = 0730;
				ORGANIZATIONNAME = "yuki takei";
				TargetAttributes = {
					61F022F61D1E205600BE62EF = {
						CreatedOnToolsVersion = 7.3;
					};
					61F0230A1D1E205700BE62EF = {
						CreatedOnToolsVersion = 7.3;
						TestTargetID = 61F022F61D1E205600BE62EF;
					};
					61F023151D1E205700BE62EF = {
						CreatedOnToolsVersion = 7.3;
						TestTargetID = 61F022F61D1E205600BE62EF;
					};
				};
			};
			buildConfigurationList = 61F022F21D1E205600BE62EF /* Build configuration list for PBXProject "wordList0625" */;
			compatibilityVersion = "Xcode 3.2";
			developmentRegion = English;
			hasScannedForEncodings = 0;
			knownRegions = (
				en,
				Base,
			);
			mainGroup = 61F022EE1D1E205600BE62EF;
			productRefGroup = 61F022F81D1E205600BE62EF /* Products */;
			projectDirPath = "";
			projectRoot = "";
			targets = (
				61F022F61D1E205600BE62EF /* wordList0625 */,
				61F0230A1D1E205700BE62EF /* wordList0625Tests */,
				61F023151D1E205700BE62EF /* wordList0625UITests */,
			);
		};
/* End PBXProject section */

/* Begin PBXResourcesBuildPhase section */
		61F022F51D1E205600BE62EF /* Resources */ = {
			isa = PBXResourcesBuildPhase;
			buildActionMask = 2147483647;
			files = (
				61F023051D1E205600BE62EF /* LaunchScreen.storyboard in Resources */,
				61F023331D1E20F400BE62EF /* fin.png in Resources */,
				61F023301D1E20F400BE62EF /* Default-568h@2x.png in Resources */,
				61F023341D1E20F400BE62EF /* title_logo.png in Resources */,
				61F023021D1E205600BE62EF /* Assets.xcassets in Resources */,
				61F023351D1E20F400BE62EF /* word_blank.png in Resources */,
				61F023001D1E205600BE62EF /* Main.storyboard in Resources */,
				61F023311D1E20F400BE62EF /* Default-667h@2x.png in Resources */,
				61F023321D1E20F400BE62EF /* Default-736h@3x.png in Resources */,
				61F023881D1FD56B00BE62EF /* ListTableViewCell.xib in Resources */,
			);
			runOnlyForDeploymentPostprocessing = 0;
		};
		61F023091D1E205700BE62EF /* Resources */ = {
			isa = PBXResourcesBuildPhase;
			buildActionMask = 2147483647;
			files = (
			);
			runOnlyForDeploymentPostprocessing = 0;
		};
		61F023141D1E205700BE62EF /* Resources */ = {
			isa = PBXResourcesBuildPhase;
			buildActionMask = 2147483647;
			files = (
			);
			runOnlyForDeploymentPostprocessing = 0;
		};
/* End PBXResourcesBuildPhase section */

/* Begin PBXSourcesBuildPhase section */
		61F022F31D1E205600BE62EF /* Sources */ = {
			isa = PBXSourcesBuildPhase;
			buildActionMask = 2147483647;
			files = (
				61F023871D1FD56B00BE62EF /* ListTableViewCell.swift in Sources */,
				61F022FD1D1E205600BE62EF /* ViewController.swift in Sources */,
				61F023801D1FC19700BE62EF /* FinishViewController.swift in Sources */,
				61F023841D1FC1E000BE62EF /* AddViewController.swift in Sources */,
				61F022FB1D1E205600BE62EF /* AppDelegate.swift in Sources */,
				61F0237E1D1FC14A00BE62EF /* QuestionViewController.swift in Sources */,
				61F023821D1FC1BB00BE62EF /* ListTableViewController.swift in Sources */,
			);
			runOnlyForDeploymentPostprocessing = 0;
		};
		61F023071D1E205700BE62EF /* Sources */ = {
			isa = PBXSourcesBuildPhase;
			buildActionMask = 2147483647;
			files = (
				61F023101D1E205700BE62EF /* wordList0625Tests.swift in Sources */,
			);
			runOnlyForDeploymentPostprocessing = 0;
		};
		61F023121D1E205700BE62EF /* Sources */ = {
			isa = PBXSourcesBuildPhase;
			buildActionMask = 2147483647;
			files = (
				61F0231B1D1E205700BE62EF /* wordList0625UITests.swift in Sources */,
			);
			runOnlyForDeploymentPostprocessing = 0;
		};
/* End PBXSourcesBuildPhase section */

/* Begin PBXTargetDependency section */
		61F0230D1D1E205700BE62EF /* PBXTargetDependency */ = {
			isa = PBXTargetDependency;
			target = 61F022F61D1E205600BE62EF /* wordList0625 */;
			targetProxy = 61F0230C1D1E205700BE62EF /* PBXContainerItemProxy */;
		};
		61F023181D1E205700BE62EF /* PBXTargetDependency */ = {
			isa = PBXTargetDependency;
			target = 61F022F61D1E205600BE62EF /* wordList0625 */;
			targetProxy = 61F023171D1E205700BE62EF /* PBXContainerItemProxy */;
		};
/* End PBXTargetDependency section */

/* Begin PBXVariantGroup section */
		61F022FE1D1E205600BE62EF /* Main.storyboard */ = {
			isa = PBXVariantGroup;
			children = (
				61F022FF1D1E205600BE62EF /* Base */,
			);
			name = Main.storyboard;
			sourceTree = "<group>";
		};
		61F023031D1E205600BE62EF /* LaunchScreen.storyboard */ = {
			isa = PBXVariantGroup;
			children = (
				61F023041D1E205600BE62EF /* Base */,
			);
			name = LaunchScreen.storyboard;
			sourceTree = "<group>";
		};
/* End PBXVariantGroup section */

/* Begin XCBuildConfiguration section */
		61F0231D1D1E205700BE62EF /* Debug */ = {
			isa = XCBuildConfiguration;
			buildSettings = {
				ALWAYS_SEARCH_USER_PATHS = NO;
				CLANG_ANALYZER_NONNULL = YES;
				CLANG_CXX_LANGUAGE_STANDARD = "gnu++0x";
				CLANG_CXX_LIBRARY = "libc++";
				CLANG_ENABLE_MODULES = YES;
				CLANG_ENABLE_OBJC_ARC = YES;
				CLANG_WARN_BOOL_CONVERSION = YES;
				CLANG_WARN_CONSTANT_CONVERSION = YES;
				CLANG_WARN_DIRECT_OBJC_ISA_USAGE = YES_ERROR;
				CLANG_WARN_EMPTY_BODY = YES;
				CLANG_WARN_ENUM_CONVERSION = YES;
				CLANG_WARN_INT_CONVERSION = YES;
				CLANG_WARN_OBJC_ROOT_CLASS = YES_ERROR;
				CLANG_WARN_UNREACHABLE_CODE = YES;
				CLANG_WARN__DUPLICATE_METHOD_MATCH = YES;
				"CODE_SIGN_IDENTITY[sdk=iphoneos*]" = "iPhone Developer";
				COPY_PHASE_STRIP = NO;
				DEBUG_INFORMATION_FORMAT = dwarf;
				ENABLE_STRICT_OBJC_MSGSEND = YES;
				ENABLE_TESTABILITY = YES;
				GCC_C_LANGUAGE_STANDARD = gnu99;
				GCC_DYNAMIC_NO_PIC = NO;
				GCC_NO_COMMON_BLOCKS = YES;
				GCC_OPTIMIZATION_LEVEL = 0;
				GCC_PREPROCESSOR_DEFINITIONS = (
					"DEBUG=1",
					"$(inherited)",
				);
				GCC_WARN_64_TO_32_BIT_CONVERSION = YES;
				GCC_WARN_ABOUT_RETURN_TYPE = YES_ERROR;
				GCC_WARN_UNDECLARED_SELECTOR = YES;
				GCC_WARN_UNINITIALIZED_AUTOS = YES_AGGRESSIVE;
				GCC_WARN_UNUSED_FUNCTION = YES;
				GCC_WARN_UNUSED_VARIABLE = YES;
				IPHONEOS_DEPLOYMENT_TARGET = 9.3;
				MTL_ENABLE_DEBUG_INFO = YES;
				ONLY_ACTIVE_ARCH = YES;
				SDKROOT = iphoneos;
				SWIFT_OPTIMIZATION_LEVEL = "-Onone";
			};
			name = Debug;
		};
		61F0231E1D1E205700BE62EF /* Release */ = {
			isa = XCBuildConfiguration;
			buildSettings = {
				ALWAYS_SEARCH_USER_PATHS = NO;
				CLANG_ANALYZER_NONNULL = YES;
				CLANG_CXX_LANGUAGE_STANDARD = "gnu++0x";
				CLANG_CXX_LIBRARY = "libc++";
				CLANG_ENABLE_MODULES = YES;
				CLANG_ENABLE_OBJC_ARC = YES;
				CLANG_WARN_BOOL_CONVERSION = YES;
				CLANG_WARN_CONSTANT_CONVERSION = YES;
				CLANG_WARN_DIRECT_OBJC_ISA_USAGE = YES_ERROR;
				CLANG_WARN_EMPTY_BODY = YES;
				CLANG_WARN_ENUM_CONVERSION = YES;
				CLANG_WARN_INT_CONVERSION = YES;
				CLANG_WARN_OBJC_ROOT_CLASS = YES_ERROR;
				CLANG_WARN_UNREACHABLE_CODE = YES;
				CLANG_WARN__DUPLICATE_METHOD_MATCH = YES;
				"CODE_SIGN_IDENTITY[sdk=iphoneos*]" = "iPhone Developer";
				COPY_PHASE_STRIP = NO;
				DEBUG_INFORMATION_FORMAT = "dwarf-with-dsym";
				ENABLE_NS_ASSERTIONS = NO;
				ENABLE_STRICT_OBJC_MSGSEND = YES;
				GCC_C_LANGUAGE_STANDARD = gnu99;
				GCC_NO_COMMON_BLOCKS = YES;
				GCC_WARN_64_TO_32_BIT_CONVERSION = YES;
				GCC_WARN_ABOUT_RETURN_TYPE = YES_ERROR;
				GCC_WARN_UNDECLARED_SELECTOR = YES;
				GCC_WARN_UNINITIALIZED_AUTOS = YES_AGGRESSIVE;
				GCC_WARN_UNUSED_FUNCTION = YES;
				GCC_WARN_UNUSED_VARIABLE = YES;
				IPHONEOS_DEPLOYMENT_TARGET = 9.3;
				MTL_ENABLE_DEBUG_INFO = NO;
				SDKROOT = iphoneos;
				VALIDATE_PRODUCT = YES;
			};
			name = Release;
		};
		61F023201D1E205700BE62EF /* Debug */ = {
			isa = XCBuildConfiguration;
			buildSettings = {
				ASSETCATALOG_COMPILER_APPICON_NAME = AppIcon;
				INFOPLIST_FILE = wordList0625/Info.plist;
				LD_RUNPATH_SEARCH_PATHS = "$(inherited) @executable_path/Frameworks";
				PRODUCT_BUNDLE_IDENTIFIER = nokonoko.wordList0625;
				PRODUCT_NAME = "$(TARGET_NAME)";
			};
			name = Debug;
		};
		61F023211D1E205700BE62EF /* Release */ = {
			isa = XCBuildConfiguration;
			buildSettings = {
				ASSETCATALOG_COMPILER_APPICON_NAME = AppIcon;
				INFOPLIST_FILE = wordList0625/Info.plist;
				LD_RUNPATH_SEARCH_PATHS = "$(inherited) @executable_path/Frameworks";
				PRODUCT_BUNDLE_IDENTIFIER = nokonoko.wordList0625;
				PRODUCT_NAME = "$(TARGET_NAME)";
			};
			name = Release;
		};
		61F023231D1E205700BE62EF /* Debug */ = {
			isa = XCBuildConfiguration;
			buildSettings = {
				BUNDLE_LOADER = "$(TEST_HOST)";
				INFOPLIST_FILE = wordList0625Tests/Info.plist;
				LD_RUNPATH_SEARCH_PATHS = "$(inherited) @executable_path/Frameworks @loader_path/Frameworks";
				PRODUCT_BUNDLE_IDENTIFIER = nokonoko.wordList0625Tests;
				PRODUCT_NAME = "$(TARGET_NAME)";
				TEST_HOST = "$(BUILT_PRODUCTS_DIR)/wordList0625.app/wordList0625";
			};
			name = Debug;
		};
		61F023241D1E205700BE62EF /* Release */ = {
			isa = XCBuildConfiguration;
			buildSettings = {
				BUNDLE_LOADER = "$(TEST_HOST)";
				INFOPLIST_FILE = wordList0625Tests/Info.plist;
				LD_RUNPATH_SEARCH_PATHS = "$(inherited) @executable_path/Frameworks @loader_path/Frameworks";
				PRODUCT_BUNDLE_IDENTIFIER = nokonoko.wordList0625Tests;
				PRODUCT_NAME = "$(TARGET_NAME)";
				TEST_HOST = "$(BUILT_PRODUCTS_DIR)/wordList0625.app/wordList0625";
			};
			name = Release;
		};
		61F023261D1E205700BE62EF /* Debug */ = {
			isa = XCBuildConfiguration;
			buildSettings = {
				INFOPLIST_FILE = wordList0625UITests/Info.plist;
				LD_RUNPATH_SEARCH_PATHS = "$(inherited) @executable_path/Frameworks @loader_path/Frameworks";
				PRODUCT_BUNDLE_IDENTIFIER = nokonoko.wordList0625UITests;
				PRODUCT_NAME = "$(TARGET_NAME)";
				TEST_TARGET_NAME = wordList0625;
			};
			name = Debug;
		};
		61F023271D1E205700BE62EF /* Release */ = {
			isa = XCBuildConfiguration;
			buildSettings = {
				INFOPLIST_FILE = wordList0625UITests/Info.plist;
				LD_RUNPATH_SEARCH_PATHS = "$(inherited) @executable_path/Frameworks @loader_path/Frameworks";
				PRODUCT_BUNDLE_IDENTIFIER = nokonoko.wordList0625UITests;
				PRODUCT_NAME = "$(TARGET_NAME)";
				TEST_TARGET_NAME = wordList0625;
			};
			name = Release;
		};
/* End XCBuildConfiguration section */

/* Begin XCConfigurationList section */
		61F022F21D1E205600BE62EF /* Build configuration list for PBXProject "wordList0625" */ = {
			isa = XCConfigurationList;
			buildConfigurations = (
				61F0231D1D1E205700BE62EF /* Debug */,
				61F0231E1D1E205700BE62EF /* Release */,
			);
			defaultConfigurationIsVisible = 0;
			defaultConfigurationName = Release;
		};
		61F0231F1D1E205700BE62EF /* Build configuration list for PBXNativeTarget "wordList0625" */ = {
			isa = XCConfigurationList;
			buildConfigurations = (
				61F023201D1E205700BE62EF /* Debug */,
				61F023211D1E205700BE62EF /* Release */,
			);
			defaultConfigurationIsVisible = 0;
		};
		61F023221D1E205700BE62EF /* Build configuration list for PBXNativeTarget "wordList0625Tests" */ = {
			isa = XCConfigurationList;
			buildConfigurations = (
				61F023231D1E205700BE62EF /* Debug */,
				61F023241D1E205700BE62EF /* Release */,
			);
			defaultConfigurationIsVisible = 0;
		};
		61F023251D1E205700BE62EF /* Build configuration list for PBXNativeTarget "wordList0625UITests" */ = {
			isa = XCConfigurationList;
			buildConfigurations = (
				61F023261D1E205700BE62EF /* Debug */,
				61F023271D1E205700BE62EF /* Release */,
			);
			defaultConfigurationIsVisible = 0;
		};
/* End XCConfigurationList section */
	};
	rootObject = 61F022EF1D1E205600BE62EF /* Project object */;
}
